
Microsoft Visual Studio Solution File, Format Version 12.00
# Visual Studio Version 17
VisualStudioVersion = 17.10.35013.160
MinimumVisualStudioVersion = 10.0.40219.1
Project("{9A19103F-16F7-4668-BE54-9A1E7A4F7556}") = "MVC002.PL", "MVC002\MVC002.PL.csproj", "{990B256F-D0DD-4B70-84BD-7D0D66F694FF}"
EndProject
Project("{9A19103F-16F7-4668-BE54-9A1E7A4F7556}") = "MVC002.DAL", "MVC002.DAl\MVC002.DAL.csproj", "{A2292115-93F2-4497-A46E-ABEFCF912FD3}"
EndProject
Project("{9A19103F-16F7-4668-BE54-9A1E7A4F7556}") = "MVC002.BLL", "MVC002.BLL\MVC002.BLL.csproj", "{9DFD037F-EA9D-4611-BB17-A31BE432B1A3}"
EndProject
Global
	GlobalSection(SolutionConfigurationPlatforms) = preSolution
		Debug|Any CPU = Debug|Any CPU
		Release|Any CPU = Release|Any CPU
	EndGlobalSection
	GlobalSection(ProjectConfigurationPlatforms) = postSolution
		{990B256F-D0DD-4B70-84BD-7D0D66F694FF}.Debug|Any CPU.ActiveCfg = Debug|Any CPU
		{990B256F-D0DD-4B70-84BD-7D0D66F694FF}.Debug|Any CPU.Build.0 = Debug|Any CPU
		{990B256F-D0DD-4B70-84BD-7D0D66F694FF}.Release|Any CPU.ActiveCfg = Release|Any CPU
		{990B256F-D0DD-4B70-84BD-7D0D66F694FF}.Release|Any CPU.Build.0 = Release|Any CPU
		{A2292115-93F2-4497-A46E-ABEFCF912FD3}.Debug|Any CPU.ActiveCfg = Debug|Any CPU
		{A2292115-93F2-4497-A46E-ABEFCF912FD3}.Debug|Any CPU.Build.0 = Debug|Any CPU
		{A2292115-93F2-4497-A46E-ABEFCF912FD3}.Release|Any CPU.ActiveCfg = Release|Any CPU
		{A2292115-93F2-4497-A46E-ABEFCF912FD3}.Release|Any CPU.Build.0 = Release|Any CPU
		{9DFD037F-EA9D-4611-BB17-A31BE432B1A3}.Debug|Any CPU.ActiveCfg = Debug|Any CPU
		{9DFD037F-EA9D-4611-BB17-A31BE432B1A3}.Debug|Any CPU.Build.0 = Debug|Any CPU
		{9DFD037F-EA9D-4611-BB17-A31BE432B1A3}.Release|Any CPU.ActiveCfg = Release|Any CPU
		{9DFD037F-EA9D-4611-BB17-A31BE432B1A3}.Release|Any CPU.Build.0 = Release|Any CPU
	EndGlobalSection
	GlobalSection(SolutionProperties) = preSolution
		HideSolutionNode = FALSE
	EndGlobalSection
	GlobalSection(ExtensibilityGlobals) = postSolution
		SolutionGuid = {F3CE9B58-1107-4AE1-95E6-D25FE5ECC0F9}
	EndGlobalSection
EndGlobal
